{
    "_meta": {
        "hash": {
            "sha256": "f58dade0f48e1684f2dabb36920b26c8b4e4b4a6813f1e1303ad0111814fc8b3"
        },
        "pipfile-spec": 6,
        "requires": {
            "python_version": "3.8"
        },
        "sources": [
            {
                "name": "pypi",
                "url": "https://pypi.org/simple",
                "verify_ssl": true
            }
        ]
    }
}
